
Microsoft Visual Studio Solution File, Format Version 12.00
# Visual Studio Version 17
VisualStudioVersion = 17.12.35527.113 d17.12
MinimumVisualStudioVersion = 10.0.40219.1
Project("{FAE04EC0-301F-11D3-BF4B-00C04F79EFBC}") = "RoomService.PostAPI", "RoomService.PostAPI.csproj", "{8977F042-0B32-4A05-9DF2-B1FBBD19796A}"
EndProject
Global
	GlobalSection(SolutionConfigurationPlatforms) = preSolution
		Debug|Any CPU = Debug|Any CPU
		Release|Any CPU = Release|Any CPU
	EndGlobalSection
	GlobalSection(ProjectConfigurationPlatforms) = postSolution
		{8977F042-0B32-4A05-9DF2-B1FBBD19796A}.Debug|Any CPU.ActiveCfg = Debug|Any CPU
		{8977F042-0B32-4A05-9DF2-B1FBBD19796A}.Debug|Any CPU.Build.0 = Debug|Any CPU
		{8977F042-0B32-4A05-9DF2-B1FBBD19796A}.Release|Any CPU.ActiveCfg = Release|Any CPU
		{8977F042-0B32-4A05-9DF2-B1FBBD19796A}.Release|Any CPU.Build.0 = Release|Any CPU
	EndGlobalSection
	GlobalSection(SolutionProperties) = preSolution
		HideSolutionNode = FALSE
	EndGlobalSection
EndGlobal
